
Microsoft Visual Studio Solution File, Format Version 12.00
# Visual Studio 14
VisualStudioVersion = 14.0.24720.0
MinimumVisualStudioVersion = 10.0.40219.1
Project("{FAE04EC0-301F-11D3-BF4B-00C04F79EFBC}") = "Demo.PropertySearch.Repository.Mock", "Demo.PropertySearch.Repository.Mock\Demo.PropertySearch.Repository.Mock.csproj", "{B6BF0D2E-4A1A-4B2D-958F-1ED5CAD3CADB}"
EndProject
Project("{FAE04EC0-301F-11D3-BF4B-00C04F79EFBC}") = "Demo.PropertySearch.Utils", "Demo.PropertySearch.Utils\Demo.PropertySearch.Utils.csproj", "{E8090912-398F-4418-A928-3E3CBAD5FF09}"
EndProject
Project("{FAE04EC0-301F-11D3-BF4B-00C04F79EFBC}") = "Demo.PropertySearch.Domain", "Demo.PropertySearch.Domain\Demo.PropertySearch.Domain.csproj", "{10AA3DD1-4752-4BDF-AF48-4ED92085961F}"
EndProject
Project("{FAE04EC0-301F-11D3-BF4B-00C04F79EFBC}") = "Demo.PropertySearch.RestApi", "Demo.PropertySearch.RestApi\Demo.PropertySearch.RestApi.csproj", "{F0160D1B-1B92-434A-91A5-B54AB8BA1D73}"
EndProject
Project("{FAE04EC0-301F-11D3-BF4B-00C04F79EFBC}") = "Demo.PropertySearch.RestApi.Specs", "Demo.PropertySearch.RestApi.Specs\Demo.PropertySearch.RestApi.Specs.csproj", "{BBAB9819-79DB-4DE1-AEC4-490730A0A7D9}"
EndProject
Project("{FAE04EC0-301F-11D3-BF4B-00C04F79EFBC}") = "Demo.PropertySearch.Specs.Utils", "Demo.PropertySearch.Specs.Utils\Demo.PropertySearch.Specs.Utils.csproj", "{A6DC376D-227E-4ADE-84D4-9AF2BB0273B6}"
EndProject
Project("{2150E333-8FDC-42A3-9474-1A3956D46DE8}") = "01 Domain", "01 Domain", "{2FA0E1E5-BBD4-4894-B82A-EA90067FB35F}"
EndProject
Project("{2150E333-8FDC-42A3-9474-1A3956D46DE8}") = "03 Infrastructure", "03 Infrastructure", "{380FEF69-9E66-4CD5-A822-5DEAED407E84}"
EndProject
Project("{2150E333-8FDC-42A3-9474-1A3956D46DE8}") = "04 Utils", "04 Utils", "{74AF3130-4889-4F37-8182-B2377C4E7FD6}"
EndProject
Project("{2150E333-8FDC-42A3-9474-1A3956D46DE8}") = "02 Presentation", "02 Presentation", "{BFFD769E-47DA-4E34-BACC-F3F3467575BF}"
EndProject
Global
	GlobalSection(SolutionConfigurationPlatforms) = preSolution
		Debug|Any CPU = Debug|Any CPU
		Release|Any CPU = Release|Any CPU
	EndGlobalSection
	GlobalSection(ProjectConfigurationPlatforms) = postSolution
		{B6BF0D2E-4A1A-4B2D-958F-1ED5CAD3CADB}.Debug|Any CPU.ActiveCfg = Debug|Any CPU
		{B6BF0D2E-4A1A-4B2D-958F-1ED5CAD3CADB}.Debug|Any CPU.Build.0 = Debug|Any CPU
		{B6BF0D2E-4A1A-4B2D-958F-1ED5CAD3CADB}.Release|Any CPU.ActiveCfg = Release|Any CPU
		{B6BF0D2E-4A1A-4B2D-958F-1ED5CAD3CADB}.Release|Any CPU.Build.0 = Release|Any CPU
		{E8090912-398F-4418-A928-3E3CBAD5FF09}.Debug|Any CPU.ActiveCfg = Debug|Any CPU
		{E8090912-398F-4418-A928-3E3CBAD5FF09}.Debug|Any CPU.Build.0 = Debug|Any CPU
		{E8090912-398F-4418-A928-3E3CBAD5FF09}.Release|Any CPU.ActiveCfg = Release|Any CPU
		{E8090912-398F-4418-A928-3E3CBAD5FF09}.Release|Any CPU.Build.0 = Release|Any CPU
		{10AA3DD1-4752-4BDF-AF48-4ED92085961F}.Debug|Any CPU.ActiveCfg = Debug|Any CPU
		{10AA3DD1-4752-4BDF-AF48-4ED92085961F}.Debug|Any CPU.Build.0 = Debug|Any CPU
		{10AA3DD1-4752-4BDF-AF48-4ED92085961F}.Release|Any CPU.ActiveCfg = Release|Any CPU
		{10AA3DD1-4752-4BDF-AF48-4ED92085961F}.Release|Any CPU.Build.0 = Release|Any CPU
		{F0160D1B-1B92-434A-91A5-B54AB8BA1D73}.Debug|Any CPU.ActiveCfg = Debug|Any CPU
		{F0160D1B-1B92-434A-91A5-B54AB8BA1D73}.Debug|Any CPU.Build.0 = Debug|Any CPU
		{F0160D1B-1B92-434A-91A5-B54AB8BA1D73}.Release|Any CPU.ActiveCfg = Release|Any CPU
		{F0160D1B-1B92-434A-91A5-B54AB8BA1D73}.Release|Any CPU.Build.0 = Release|Any CPU
		{BBAB9819-79DB-4DE1-AEC4-490730A0A7D9}.Debug|Any CPU.ActiveCfg = Debug|Any CPU
		{BBAB9819-79DB-4DE1-AEC4-490730A0A7D9}.Debug|Any CPU.Build.0 = Debug|Any CPU
		{BBAB9819-79DB-4DE1-AEC4-490730A0A7D9}.Release|Any CPU.ActiveCfg = Release|Any CPU
		{BBAB9819-79DB-4DE1-AEC4-490730A0A7D9}.Release|Any CPU.Build.0 = Release|Any CPU
		{A6DC376D-227E-4ADE-84D4-9AF2BB0273B6}.Debug|Any CPU.ActiveCfg = Debug|Any CPU
		{A6DC376D-227E-4ADE-84D4-9AF2BB0273B6}.Debug|Any CPU.Build.0 = Debug|Any CPU
		{A6DC376D-227E-4ADE-84D4-9AF2BB0273B6}.Release|Any CPU.ActiveCfg = Release|Any CPU
		{A6DC376D-227E-4ADE-84D4-9AF2BB0273B6}.Release|Any CPU.Build.0 = Release|Any CPU
	EndGlobalSection
	GlobalSection(SolutionProperties) = preSolution
		HideSolutionNode = FALSE
	EndGlobalSection
	GlobalSection(NestedProjects) = preSolution
		{B6BF0D2E-4A1A-4B2D-958F-1ED5CAD3CADB} = {380FEF69-9E66-4CD5-A822-5DEAED407E84}
		{E8090912-398F-4418-A928-3E3CBAD5FF09} = {74AF3130-4889-4F37-8182-B2377C4E7FD6}
		{10AA3DD1-4752-4BDF-AF48-4ED92085961F} = {2FA0E1E5-BBD4-4894-B82A-EA90067FB35F}
		{F0160D1B-1B92-434A-91A5-B54AB8BA1D73} = {BFFD769E-47DA-4E34-BACC-F3F3467575BF}
		{BBAB9819-79DB-4DE1-AEC4-490730A0A7D9} = {BFFD769E-47DA-4E34-BACC-F3F3467575BF}
		{A6DC376D-227E-4ADE-84D4-9AF2BB0273B6} = {74AF3130-4889-4F37-8182-B2377C4E7FD6}
	EndGlobalSection
EndGlobal
